
Microsoft Visual Studio Solution File, Format Version 12.00
# Visual Studio Version 16
VisualStudioVersion = 16.0.31005.135
MinimumVisualStudioVersion = 10.0.40219.1
Project("{FAE04EC0-301F-11D3-BF4B-00C04F79EFBC}") = "Scrumchum", "Scrumchum.csproj", "{34AE79BC-7680-4795-BBD8-21CA9FCC2453}"
EndProject
Global
	GlobalSection(SolutionConfigurationPlatforms) = preSolution
		Debug|Any CPU = Debug|Any CPU
		Release|Any CPU = Release|Any CPU
	EndGlobalSection
	GlobalSection(ProjectConfigurationPlatforms) = postSolution
		{34AE79BC-7680-4795-BBD8-21CA9FCC2453}.Debug|Any CPU.ActiveCfg = Debug|Any CPU
		{34AE79BC-7680-4795-BBD8-21CA9FCC2453}.Debug|Any CPU.Build.0 = Debug|Any CPU
		{34AE79BC-7680-4795-BBD8-21CA9FCC2453}.Release|Any CPU.ActiveCfg = Release|Any CPU
		{34AE79BC-7680-4795-BBD8-21CA9FCC2453}.Release|Any CPU.Build.0 = Release|Any CPU
	EndGlobalSection
	GlobalSection(SolutionProperties) = preSolution
		HideSolutionNode = FALSE
	EndGlobalSection
	GlobalSection(ExtensibilityGlobals) = postSolution
		SolutionGuid = {5AF4C7BA-5566-4DA3-9D58-1123F0697A8E}
	EndGlobalSection
EndGlobal
